
Microsoft Visual Studio Solution File, Format Version 12.00
# Visual Studio Version 17
VisualStudioVersion = 17.5.33414.496
MinimumVisualStudioVersion = 10.0.40219.1
Project("{FAE04EC0-301F-11D3-BF4B-00C04F79EFBC}") = "AcerPro", "AcerPro\AcerPro.csproj", "{CAB5011C-020E-4978-BFB1-47B99787979C}"
EndProject
Project("{FAE04EC0-301F-11D3-BF4B-00C04F79EFBC}") = "AcerPro.Database", "AcerPro.Database\AcerPro.Database.csproj", "{6C246782-2C3A-4080-954A-C3380AFC5070}"
EndProject
Project("{FAE04EC0-301F-11D3-BF4B-00C04F79EFBC}") = "AcerPro.Dto", "AcerPro.Dto\AcerPro.Dto.csproj", "{5D6285C5-0A17-40CE-A02F-02D256F7CA9C}"
EndProject
Project("{FAE04EC0-301F-11D3-BF4B-00C04F79EFBC}") = "AcerPro.Business", "AcerPro.Business\AcerPro.Business.csproj", "{12329351-EB34-4FA2-AFE4-41129F3DB7E9}"
EndProject
Project("{FAE04EC0-301F-11D3-BF4B-00C04F79EFBC}") = "AcerPro.Extensions", "AcerPro.Extensions\AcerPro.Extensions.csproj", "{06C98443-0A30-44B8-A6B6-385C0B20F574}"
EndProject
Global
	GlobalSection(SolutionConfigurationPlatforms) = preSolution
		Debug|Any CPU = Debug|Any CPU
		Release|Any CPU = Release|Any CPU
	EndGlobalSection
	GlobalSection(ProjectConfigurationPlatforms) = postSolution
		{CAB5011C-020E-4978-BFB1-47B99787979C}.Debug|Any CPU.ActiveCfg = Debug|Any CPU
		{CAB5011C-020E-4978-BFB1-47B99787979C}.Debug|Any CPU.Build.0 = Debug|Any CPU
		{CAB5011C-020E-4978-BFB1-47B99787979C}.Release|Any CPU.ActiveCfg = Release|Any CPU
		{CAB5011C-020E-4978-BFB1-47B99787979C}.Release|Any CPU.Build.0 = Release|Any CPU
		{6C246782-2C3A-4080-954A-C3380AFC5070}.Debug|Any CPU.ActiveCfg = Debug|Any CPU
		{6C246782-2C3A-4080-954A-C3380AFC5070}.Debug|Any CPU.Build.0 = Debug|Any CPU
		{6C246782-2C3A-4080-954A-C3380AFC5070}.Release|Any CPU.ActiveCfg = Release|Any CPU
		{6C246782-2C3A-4080-954A-C3380AFC5070}.Release|Any CPU.Build.0 = Release|Any CPU
		{5D6285C5-0A17-40CE-A02F-02D256F7CA9C}.Debug|Any CPU.ActiveCfg = Debug|Any CPU
		{5D6285C5-0A17-40CE-A02F-02D256F7CA9C}.Debug|Any CPU.Build.0 = Debug|Any CPU
		{5D6285C5-0A17-40CE-A02F-02D256F7CA9C}.Release|Any CPU.ActiveCfg = Release|Any CPU
		{5D6285C5-0A17-40CE-A02F-02D256F7CA9C}.Release|Any CPU.Build.0 = Release|Any CPU
		{12329351-EB34-4FA2-AFE4-41129F3DB7E9}.Debug|Any CPU.ActiveCfg = Debug|Any CPU
		{12329351-EB34-4FA2-AFE4-41129F3DB7E9}.Debug|Any CPU.Build.0 = Debug|Any CPU
		{12329351-EB34-4FA2-AFE4-41129F3DB7E9}.Release|Any CPU.ActiveCfg = Release|Any CPU
		{12329351-EB34-4FA2-AFE4-41129F3DB7E9}.Release|Any CPU.Build.0 = Release|Any CPU
		{06C98443-0A30-44B8-A6B6-385C0B20F574}.Debug|Any CPU.ActiveCfg = Debug|Any CPU
		{06C98443-0A30-44B8-A6B6-385C0B20F574}.Debug|Any CPU.Build.0 = Debug|Any CPU
		{06C98443-0A30-44B8-A6B6-385C0B20F574}.Release|Any CPU.ActiveCfg = Release|Any CPU
		{06C98443-0A30-44B8-A6B6-385C0B20F574}.Release|Any CPU.Build.0 = Release|Any CPU
	EndGlobalSection
	GlobalSection(SolutionProperties) = preSolution
		HideSolutionNode = FALSE
	EndGlobalSection
	GlobalSection(ExtensibilityGlobals) = postSolution
		SolutionGuid = {AE563FA7-E722-4DFB-95BE-48E83677D76D}
	EndGlobalSection
EndGlobal
